
Microsoft Visual Studio Solution File, Format Version 12.00
# Visual Studio 15
VisualStudioVersion = 15.0.28010.2050
MinimumVisualStudioVersion = 10.0.40219.1
Project("{FAE04EC0-301F-11D3-BF4B-00C04F79EFBC}") = "CreativeCafe", "CreativeCafe\CreativeCafe.csproj", "{428DFC95-59AB-4E3E-9510-5AC23B94EBAF}"
EndProject
Global
	GlobalSection(SolutionConfigurationPlatforms) = preSolution
		Debug|Any CPU = Debug|Any CPU
		Release|Any CPU = Release|Any CPU
	EndGlobalSection
	GlobalSection(ProjectConfigurationPlatforms) = postSolution
		{428DFC95-59AB-4E3E-9510-5AC23B94EBAF}.Debug|Any CPU.ActiveCfg = Debug|Any CPU
		{428DFC95-59AB-4E3E-9510-5AC23B94EBAF}.Debug|Any CPU.Build.0 = Debug|Any CPU
		{428DFC95-59AB-4E3E-9510-5AC23B94EBAF}.Release|Any CPU.ActiveCfg = Release|Any CPU
		{428DFC95-59AB-4E3E-9510-5AC23B94EBAF}.Release|Any CPU.Build.0 = Release|Any CPU
	EndGlobalSection
	GlobalSection(SolutionProperties) = preSolution
		HideSolutionNode = FALSE
	EndGlobalSection
	GlobalSection(ExtensibilityGlobals) = postSolution
		SolutionGuid = {20F91596-28C0-45CD-86F6-691ABC33CAD5}
	EndGlobalSection
EndGlobal
